
Microsoft Visual Studio Solution File, Format Version 12.00
# Visual Studio 15
VisualStudioVersion = 15.0.27004.2005
MinimumVisualStudioVersion = 10.0.40219.1
Project("{FAE04EC0-301F-11D3-BF4B-00C04F79EFBC}") = "Audiolib", "..\..\StudioHost\Audiolib\Audiolib.csproj", "{0D863BE6-B19C-4C6E-B024-40667FB16CE4}"
EndProject
Project("{8BC9CEB8-8B4A-11D0-8D11-00A0C91BC942}") = "FirmwareTest", "FirmwareTest\FirmwareTest.vcxproj", "{E9159252-A2F6-45D4-9E8C-CAB0C6E97265}"
EndProject
Project("{FAE04EC0-301F-11D3-BF4B-00C04F79EFBC}") = "MidiTest", "MidiTest\MidiTest.csproj", "{5FBD3C33-4B99-4471-A002-903FEB6E5052}"
EndProject
Global
	GlobalSection(SolutionConfigurationPlatforms) = preSolution
		Debug|Any CPU = Debug|Any CPU
		Debug|x64 = Debug|x64
		Debug|x86 = Debug|x86
		Release|Any CPU = Release|Any CPU
		Release|x64 = Release|x64
		Release|x86 = Release|x86
	EndGlobalSection
	GlobalSection(ProjectConfigurationPlatforms) = postSolution
		{0D863BE6-B19C-4C6E-B024-40667FB16CE4}.Debug|Any CPU.ActiveCfg = Debug|Any CPU
		{0D863BE6-B19C-4C6E-B024-40667FB16CE4}.Debug|Any CPU.Build.0 = Debug|Any CPU
		{0D863BE6-B19C-4C6E-B024-40667FB16CE4}.Debug|x64.ActiveCfg = Debug|Any CPU
		{0D863BE6-B19C-4C6E-B024-40667FB16CE4}.Debug|x64.Build.0 = Debug|Any CPU
		{0D863BE6-B19C-4C6E-B024-40667FB16CE4}.Debug|x86.ActiveCfg = Debug|Any CPU
		{0D863BE6-B19C-4C6E-B024-40667FB16CE4}.Debug|x86.Build.0 = Debug|Any CPU
		{0D863BE6-B19C-4C6E-B024-40667FB16CE4}.Release|Any CPU.ActiveCfg = Release|Any CPU
		{0D863BE6-B19C-4C6E-B024-40667FB16CE4}.Release|Any CPU.Build.0 = Release|Any CPU
		{0D863BE6-B19C-4C6E-B024-40667FB16CE4}.Release|x64.ActiveCfg = Release|Any CPU
		{0D863BE6-B19C-4C6E-B024-40667FB16CE4}.Release|x64.Build.0 = Release|Any CPU
		{0D863BE6-B19C-4C6E-B024-40667FB16CE4}.Release|x86.ActiveCfg = Release|Any CPU
		{0D863BE6-B19C-4C6E-B024-40667FB16CE4}.Release|x86.Build.0 = Release|Any CPU
		{E9159252-A2F6-45D4-9E8C-CAB0C6E97265}.Debug|Any CPU.ActiveCfg = Debug|Win32
		{E9159252-A2F6-45D4-9E8C-CAB0C6E97265}.Debug|Any CPU.Build.0 = Debug|Win32
		{E9159252-A2F6-45D4-9E8C-CAB0C6E97265}.Debug|x64.ActiveCfg = Debug|x64
		{E9159252-A2F6-45D4-9E8C-CAB0C6E97265}.Debug|x64.Build.0 = Debug|x64
		{E9159252-A2F6-45D4-9E8C-CAB0C6E97265}.Debug|x86.ActiveCfg = Debug|Win32
		{E9159252-A2F6-45D4-9E8C-CAB0C6E97265}.Debug|x86.Build.0 = Debug|Win32
		{E9159252-A2F6-45D4-9E8C-CAB0C6E97265}.Release|Any CPU.ActiveCfg = Release|Win32
		{E9159252-A2F6-45D4-9E8C-CAB0C6E97265}.Release|Any CPU.Build.0 = Release|Win32
		{E9159252-A2F6-45D4-9E8C-CAB0C6E97265}.Release|x64.ActiveCfg = Release|x64
		{E9159252-A2F6-45D4-9E8C-CAB0C6E97265}.Release|x64.Build.0 = Release|x64
		{E9159252-A2F6-45D4-9E8C-CAB0C6E97265}.Release|x86.ActiveCfg = Release|Win32
		{E9159252-A2F6-45D4-9E8C-CAB0C6E97265}.Release|x86.Build.0 = Release|Win32
		{5FBD3C33-4B99-4471-A002-903FEB6E5052}.Debug|Any CPU.ActiveCfg = Debug|Any CPU
		{5FBD3C33-4B99-4471-A002-903FEB6E5052}.Debug|Any CPU.Build.0 = Debug|Any CPU
		{5FBD3C33-4B99-4471-A002-903FEB6E5052}.Debug|x64.ActiveCfg = Debug|Any CPU
		{5FBD3C33-4B99-4471-A002-903FEB6E5052}.Debug|x64.Build.0 = Debug|Any CPU
		{5FBD3C33-4B99-4471-A002-903FEB6E5052}.Debug|x86.ActiveCfg = Debug|Any CPU
		{5FBD3C33-4B99-4471-A002-903FEB6E5052}.Debug|x86.Build.0 = Debug|Any CPU
		{5FBD3C33-4B99-4471-A002-903FEB6E5052}.Release|Any CPU.ActiveCfg = Release|Any CPU
		{5FBD3C33-4B99-4471-A002-903FEB6E5052}.Release|Any CPU.Build.0 = Release|Any CPU
		{5FBD3C33-4B99-4471-A002-903FEB6E5052}.Release|x64.ActiveCfg = Release|Any CPU
		{5FBD3C33-4B99-4471-A002-903FEB6E5052}.Release|x64.Build.0 = Release|Any CPU
		{5FBD3C33-4B99-4471-A002-903FEB6E5052}.Release|x86.ActiveCfg = Release|Any CPU
		{5FBD3C33-4B99-4471-A002-903FEB6E5052}.Release|x86.Build.0 = Release|Any CPU
	EndGlobalSection
	GlobalSection(SolutionProperties) = preSolution
		HideSolutionNode = FALSE
	EndGlobalSection
	GlobalSection(ExtensibilityGlobals) = postSolution
		SolutionGuid = {373F567C-5C3C-47D1-B7B3-EF6643557144}
	EndGlobalSection
EndGlobal
