<?xml version="1.0" encoding="utf-8"?>
<Project ToolsVersion="4.0" xmlns="http://schemas.microsoft.com/developer/msbuild/2003">
  <ItemGroup>
    <Filter Include="Source Files">
      <UniqueIdentifier>{4FC737F1-C7A5-4376-A066-2A32D752A2FF}</UniqueIdentifier>
      <Extensions>cpp;c;cc;cxx;def;odl;idl;hpj;bat;asm;asmx</Extensions>
    </Filter>
    <Filter Include="Resource Files">
      <UniqueIdentifier>{67DA6AB6-F800-4c08-8B7A-83BB121AAD01}</UniqueIdentifier>
      <Extensions>rc;ico;cur;bmp;dlg;rc2;rct;bin;rgs;gif;jpg;jpeg;jpe;resx;tiff;tif;png;wav;mfcribbon-ms</Extensions>
    </Filter>
    <Filter Include="Source Files\w32">
      <UniqueIdentifier>{80b8f51a-44c4-438e-a242-8a436dcbdc5c}</UniqueIdentifier>
    </Filter>
  </ItemGroup>
  <ItemGroup>
    <ClCompile Include="main.cpp">
      <Filter>Source Files</Filter>
    </ClCompile>
    <ClCompile Include="w32\audioEndpoint.cpp">
      <Filter>Source Files\w32</Filter>
    </ClCompile>
    <ClCompile Include="w32\serialPort.cpp">
      <Filter>Source Files\w32</Filter>
    </ClCompile>
    <ClCompile Include="..\stm32synth\stm32synth\app\reverb.c">
      <Filter>Source Files</Filter>
    </ClCompile>
    <ClCompile Include="..\stm32synth\stm32synth\app\synth.c">
      <Filter>Source Files</Filter>
    </ClCompile>
    <ClCompile Include="..\stm32synth\stm32synth\app\voice.c">
      <Filter>Source Files</Filter>
    </ClCompile>
    <ClCompile Include="..\stm32synth\stm32synth\app\osc.c">
      <Filter>Source Files</Filter>
    </ClCompile>
    <ClCompile Include="..\stm32synth\stm32synth\app\filter.c">
      <Filter>Source Files</Filter>
    </ClCompile>
    <ClCompile Include="..\stm32synth\stm32synth\app\echo.c">
      <Filter>Source Files</Filter>
    </ClCompile>
  </ItemGroup>
  <ItemGroup>
    <ClInclude Include="w32\filesystem.h">
      <Filter>Source Files\w32</Filter>
    </ClInclude>
    <ClInclude Include="w32\wavWriter.h">
      <Filter>Source Files\w32</Filter>
    </ClInclude>
    <ClInclude Include="w32\stream.h">
      <Filter>Source Files\w32</Filter>
    </ClInclude>
    <ClInclude Include="w32\audioEndpoint.h">
      <Filter>Source Files\w32</Filter>
    </ClInclude>
    <ClInclude Include="w32\protocol.h">
      <Filter>Source Files\w32</Filter>
    </ClInclude>
    <ClInclude Include="w32\serialPort.h">
      <Filter>Source Files\w32</Filter>
    </ClInclude>
    <ClInclude Include="..\stm32synth\stm32synth\app\reverb.h">
      <Filter>Source Files</Filter>
    </ClInclude>
    <ClInclude Include="..\stm32synth\stm32synth\app\synth.h">
      <Filter>Source Files</Filter>
    </ClInclude>
    <ClInclude Include="..\stm32synth\stm32synth\app\trace.h">
      <Filter>Source Files</Filter>
    </ClInclude>
    <ClInclude Include="..\stm32synth\stm32synth\app\voice.h">
      <Filter>Source Files</Filter>
    </ClInclude>
    <ClInclude Include="..\stm32synth\stm32synth\app\osc.h">
      <Filter>Source Files</Filter>
    </ClInclude>
    <ClInclude Include="..\stm32synth\stm32synth\app\filter.h">
      <Filter>Source Files</Filter>
    </ClInclude>
    <ClInclude Include="..\stm32synth\stm32synth\app\echo.h">
      <Filter>Source Files</Filter>
    </ClInclude>
  </ItemGroup>
</Project>